
Microsoft Visual Studio Solution File, Format Version 12.00
# Visual Studio Version 17
VisualStudioVersion = 17.7.34221.43
MinimumVisualStudioVersion = 10.0.40219.1
Project("{F184B08F-C81C-45F6-A57F-5ABD9991F28F}") = "UFCW.CMS.MedicalWork.Plugin", "UFCW.CMS.MedicalWork.Plugin.vbproj", "{7BE689D3-8F65-475F-993A-CDF0441F6606}"
EndProject
Global
	GlobalSection(SolutionConfigurationPlatforms) = preSolution
		Debug|Any CPU = Debug|Any CPU
		Release|Any CPU = Release|Any CPU
	EndGlobalSection
	GlobalSection(ProjectConfigurationPlatforms) = postSolution
		{7BE689D3-8F65-475F-993A-CDF0441F6606}.Debug|Any CPU.ActiveCfg = Debug|Any CPU
		{7BE689D3-8F65-475F-993A-CDF0441F6606}.Debug|Any CPU.Build.0 = Debug|Any CPU
		{7BE689D3-8F65-475F-993A-CDF0441F6606}.Release|Any CPU.ActiveCfg = Release|Any CPU
		{7BE689D3-8F65-475F-993A-CDF0441F6606}.Release|Any CPU.Build.0 = Release|Any CPU
	EndGlobalSection
	GlobalSection(SolutionProperties) = preSolution
		HideSolutionNode = FALSE
	EndGlobalSection
	GlobalSection(ExtensibilityGlobals) = postSolution
		SolutionGuid = {F03E3C05-5310-442A-94AD-A00A50FD97BD}
	EndGlobalSection
EndGlobal
