
Microsoft Visual Studio Solution File, Format Version 12.00
# Visual Studio Version 17
VisualStudioVersion = 17.7.34031.279
MinimumVisualStudioVersion = 10.0.40219.1
Project("{F184B08F-C81C-45F6-A57F-5ABD9991F28F}") = "UFCW.CMS.SharedInterfaces", "UFCW.CMS.SharedInterfaces.vbproj", "{F152D5F9-E10D-452D-A843-1F27C2574FD9}"
EndProject
Global
	GlobalSection(SolutionConfigurationPlatforms) = preSolution
		Debug|Any CPU = Debug|Any CPU
		Release|Any CPU = Release|Any CPU
	EndGlobalSection
	GlobalSection(ProjectConfigurationPlatforms) = postSolution
		{F152D5F9-E10D-452D-A843-1F27C2574FD9}.Debug|Any CPU.ActiveCfg = Debug|Any CPU
		{F152D5F9-E10D-452D-A843-1F27C2574FD9}.Debug|Any CPU.Build.0 = Debug|Any CPU
		{F152D5F9-E10D-452D-A843-1F27C2574FD9}.Release|Any CPU.ActiveCfg = Release|Any CPU
		{F152D5F9-E10D-452D-A843-1F27C2574FD9}.Release|Any CPU.Build.0 = Release|Any CPU
	EndGlobalSection
	GlobalSection(SolutionProperties) = preSolution
		HideSolutionNode = FALSE
	EndGlobalSection
EndGlobal
