
Microsoft Visual Studio Solution File, Format Version 12.00
# Visual Studio Version 17
VisualStudioVersion = 17.7.34202.233
MinimumVisualStudioVersion = 10.0.40219.1
Project("{F184B08F-C81C-45F6-A57F-5ABD9991F28F}") = "UFCW.CMS.AnnotationEditor", "UFCW.CMS.AnnotationEditor.vbproj", "{CC556172-0E56-4814-B79E-4ABDEDDC6962}"
EndProject
Global
	GlobalSection(SolutionConfigurationPlatforms) = preSolution
		Debug|Any CPU = Debug|Any CPU
		Release|Any CPU = Release|Any CPU
	EndGlobalSection
	GlobalSection(ProjectConfigurationPlatforms) = postSolution
		{CC556172-0E56-4814-B79E-4ABDEDDC6962}.Debug|Any CPU.ActiveCfg = Debug|Any CPU
		{CC556172-0E56-4814-B79E-4ABDEDDC6962}.Debug|Any CPU.Build.0 = Debug|Any CPU
		{CC556172-0E56-4814-B79E-4ABDEDDC6962}.Release|Any CPU.ActiveCfg = Release|Any CPU
		{CC556172-0E56-4814-B79E-4ABDEDDC6962}.Release|Any CPU.Build.0 = Release|Any CPU
	EndGlobalSection
	GlobalSection(SolutionProperties) = preSolution
		HideSolutionNode = FALSE
	EndGlobalSection
	GlobalSection(ExtensibilityGlobals) = postSolution
		SolutionGuid = {75F07F08-B6A0-4733-A141-BBB764C2CA62}
	EndGlobalSection
EndGlobal
