
Microsoft Visual Studio Solution File, Format Version 12.00
# Visual Studio Version 17
VisualStudioVersion = 17.7.34202.233
MinimumVisualStudioVersion = 10.0.40219.1
Project("{F184B08F-C81C-45F6-A57F-5ABD9991F28F}") = "UFCW.CMS.CustomerService.Plugin", "UFCW.CMS.CustomerService.Plugin.vbproj", "{C9ABA8C1-5C0C-4A34-A285-43DA88D25A75}"
EndProject
Global
	GlobalSection(SolutionConfigurationPlatforms) = preSolution
		Debug|Any CPU = Debug|Any CPU
		Release|Any CPU = Release|Any CPU
	EndGlobalSection
	GlobalSection(ProjectConfigurationPlatforms) = postSolution
		{C9ABA8C1-5C0C-4A34-A285-43DA88D25A75}.Debug|Any CPU.ActiveCfg = Debug|Any CPU
		{C9ABA8C1-5C0C-4A34-A285-43DA88D25A75}.Debug|Any CPU.Build.0 = Debug|Any CPU
		{C9ABA8C1-5C0C-4A34-A285-43DA88D25A75}.Release|Any CPU.ActiveCfg = Release|Any CPU
		{C9ABA8C1-5C0C-4A34-A285-43DA88D25A75}.Release|Any CPU.Build.0 = Release|Any CPU
	EndGlobalSection
	GlobalSection(SolutionProperties) = preSolution
		HideSolutionNode = FALSE
	EndGlobalSection
	GlobalSection(ExtensibilityGlobals) = postSolution
		SolutionGuid = {95C01D02-AD99-4FB0-90FE-8D3A2D5E7361}
	EndGlobalSection
EndGlobal
