
Microsoft Visual Studio Solution File, Format Version 12.00
# Visual Studio Version 17
VisualStudioVersion = 17.6.33829.357
MinimumVisualStudioVersion = 10.0.40219.1
Project("{F184B08F-C81C-45F6-A57F-5ABD9991F28F}") = "UFCW.CMS.MemberSearch", "UFCW.CMS.MemberSearch.vbproj", "{31E67307-7EF5-48AE-A463-B54091160658}"
EndProject
Global
	GlobalSection(SolutionConfigurationPlatforms) = preSolution
		Debug|Any CPU = Debug|Any CPU
		Release|Any CPU = Release|Any CPU
	EndGlobalSection
	GlobalSection(ProjectConfigurationPlatforms) = postSolution
		{31E67307-7EF5-48AE-A463-B54091160658}.Debug|Any CPU.ActiveCfg = Debug|Any CPU
		{31E67307-7EF5-48AE-A463-B54091160658}.Debug|Any CPU.Build.0 = Debug|Any CPU
		{31E67307-7EF5-48AE-A463-B54091160658}.Release|Any CPU.ActiveCfg = Release|Any CPU
		{31E67307-7EF5-48AE-A463-B54091160658}.Release|Any CPU.Build.0 = Release|Any CPU
	EndGlobalSection
	GlobalSection(SolutionProperties) = preSolution
		HideSolutionNode = FALSE
	EndGlobalSection
	GlobalSection(ExtensibilityGlobals) = postSolution
		SolutionGuid = {C7C2220C-3884-4707-8D2D-2467C269CD2B}
	EndGlobalSection
EndGlobal
